github.com/gorilla/mux v1.8.0 h1:i40aqfkR1h2SlN9hojwV5ZA91wcXFOvkdNIeFDP5koI=
github.com/gorilla/mux v1.8.0/go.mod h1:DVbg23sWSpFRCP0SfiEN6jmj59UnW/n46BH5rLB71So=
github.com/rogpeppe/go-internal v1.11.0 h1:cWPaGQEPrBb5/AsnsZesgZZ9yb1OQ+GOISoDNXVBh4M=
golang.org/x/sys v0.13.0 h1:Af8nKPmuFypiUBjVoU9V20FiaFXOcuZI21p0ycVYYGE=
golang.org/x/tools v0.1.12 h1:VveCTK38A2rkS8ZqFY25HIDFscX5X9OoEhJd3quQmXU=
