github.com/arl/statsviz v0.4.1 h1:y41S3SFt34JBHayhuPeMuNB2d/je9TaUVD8WIv0E8yA=
github.com/arl/statsviz v0.4.1/go.mod h1:KeK558gUzFtRXk6Cz7fEPJwtiCio03WXu04g7HrjHPM=
github.com/gorilla/mux v1.8.0 h1:i40aqfkR1h2SlN9hojwV5ZA91wcXFOvkdNIeFDP5koI=
github.com/gorilla/mux v1.8.0/go.mod h1:DVbg23sWSpFRCP0SfiEN6jmj59UnW/n46BH5rLB71So=
github.com/gorilla/websocket v1.4.2 h1:+/TMaTYc4QFitKJxsQ7Yye35DkWvkdLcvGKqM+x0Ufc=
github.com/gorilla/websocket v1.4.2/go.mod h1:YR8l580nyteQvAITg2hZ9XVh4b55+EU/adAjf1fMHhE=
